
Microsoft Visual Studio Solution File, Format Version 12.00
# Visual Studio 15
VisualStudioVersion = 15.0.26730.16
MinimumVisualStudioVersion = 10.0.40219.1
Project("{9A19103F-16F7-4668-BE54-9A1E7A4F7556}") = "NReco.NLQuery", "NReco.NLQuery\NReco.NLQuery.csproj", "{08C127A7-472B-4A97-97F9-41B8B6A3D178}"
EndProject
Project("{9A19103F-16F7-4668-BE54-9A1E7A4F7556}") = "NReco.NLQuery.Tests", "NReco.NLQuery.Tests\NReco.NLQuery.Tests.csproj", "{0067B682-A54E-4633-A6B4-CF8F8FAB8CBF}"
EndProject
Global
	GlobalSection(SolutionConfigurationPlatforms) = preSolution
		Debug|Any CPU = Debug|Any CPU
		Release|Any CPU = Release|Any CPU
	EndGlobalSection
	GlobalSection(ProjectConfigurationPlatforms) = postSolution
		{08C127A7-472B-4A97-97F9-41B8B6A3D178}.Debug|Any CPU.ActiveCfg = Debug|Any CPU
		{08C127A7-472B-4A97-97F9-41B8B6A3D178}.Debug|Any CPU.Build.0 = Debug|Any CPU
		{08C127A7-472B-4A97-97F9-41B8B6A3D178}.Release|Any CPU.ActiveCfg = Release|Any CPU
		{08C127A7-472B-4A97-97F9-41B8B6A3D178}.Release|Any CPU.Build.0 = Release|Any CPU
		{0067B682-A54E-4633-A6B4-CF8F8FAB8CBF}.Debug|Any CPU.ActiveCfg = Debug|Any CPU
		{0067B682-A54E-4633-A6B4-CF8F8FAB8CBF}.Debug|Any CPU.Build.0 = Debug|Any CPU
		{0067B682-A54E-4633-A6B4-CF8F8FAB8CBF}.Release|Any CPU.ActiveCfg = Release|Any CPU
		{0067B682-A54E-4633-A6B4-CF8F8FAB8CBF}.Release|Any CPU.Build.0 = Release|Any CPU
	EndGlobalSection
	GlobalSection(SolutionProperties) = preSolution
		HideSolutionNode = FALSE
	EndGlobalSection
	GlobalSection(ExtensibilityGlobals) = postSolution
		SolutionGuid = {A23FFD30-86EB-4463-BEF9-8096E68FB4B0}
	EndGlobalSection
EndGlobal
